# THIS IS AN AUTOGENERATED FILE. DO NOT EDIT THIS FILE DIRECTLY.
# yarn lockfile v1


fsevents@2.3.2:
  version "2.3.2"
  resolved "https://registry.yarnpkg.com/fsevents/-/fsevents-2.3.2.tgz#8a526f78b8fdf4623b709e0b975c52c24c02fd1a"
  integrity sha512-xiqMQR4xAeHTuB9uWm+fFRcIOgKBMiOBP+eXiyT7jsgVCq1bkVygt00oASowB7EdtpOHaaPgKt812P9ab+DDKA==

patchright-core@1.51.1:
  version "1.51.1"
  resolved "https://registry.yarnpkg.com/patchright-core/-/patchright-core-1.51.1.tgz#9bb6a198915bd2b8bc2724efd6b0c5f2ba1df14c"
  integrity sha512-UytDfjjbUiTA+qfP9l68c0muX7nuwTNJgRr6meYMBTDXBx23Zw/W6m2JU9OuM+NAe4lx9tbUZY+8HBVcUnNqTA==

patchright@^1.51.3:
  version "1.51.3"
  resolved "https://registry.yarnpkg.com/patchright/-/patchright-1.51.3.tgz#fe8ad1862fdfe819ee6d6d37792cffab9400a799"
  integrity sha512-vTU1tpAJO6pPjGL1CWmTQYM0xMt+BNCP4NVOoWGkW1DcJX8Csc+GVhTvjPFi0qmhW72ihBOdUa0Mc7x/9p8MEQ==
  dependencies:
    patchright-core "1.51.1"
  optionalDependencies:
    fsevents "2.3.2"
